
Microsoft Visual Studio Solution File, Format Version 12.00
# Visual Studio Version 17
VisualStudioVersion = 17.0.31903.59
MinimumVisualStudioVersion = 10.0.40219.1
Project("{FAE04EC0-301F-11D3-BF4B-00C04F79EFBC}") = "OEPLLib", "OEPLLib\OEPLLib.csproj", "{24A77B15-26F1-4DDD-AAFF-EADCA1CA7BCF}"
EndProject
Project("{FAE04EC0-301F-11D3-BF4B-00C04F79EFBC}") = "OEPLSample", "OEPLSample\OEPLSample.csproj", "{96BBFCAF-56C2-49ED-A3C9-4A1AA6B0F1A1}"
EndProject
Global
	GlobalSection(SolutionConfigurationPlatforms) = preSolution
		Debug|Any CPU = Debug|Any CPU
		Debug|x64 = Debug|x64
		Debug|x86 = Debug|x86
		Release|Any CPU = Release|Any CPU
		Release|x64 = Release|x64
		Release|x86 = Release|x86
	EndGlobalSection
	GlobalSection(ProjectConfigurationPlatforms) = postSolution
		{24A77B15-26F1-4DDD-AAFF-EADCA1CA7BCF}.Debug|Any CPU.ActiveCfg = Debug|Any CPU
		{24A77B15-26F1-4DDD-AAFF-EADCA1CA7BCF}.Debug|Any CPU.Build.0 = Debug|Any CPU
		{24A77B15-26F1-4DDD-AAFF-EADCA1CA7BCF}.Debug|x64.ActiveCfg = Debug|Any CPU
		{24A77B15-26F1-4DDD-AAFF-EADCA1CA7BCF}.Debug|x64.Build.0 = Debug|Any CPU
		{24A77B15-26F1-4DDD-AAFF-EADCA1CA7BCF}.Debug|x86.ActiveCfg = Debug|Any CPU
		{24A77B15-26F1-4DDD-AAFF-EADCA1CA7BCF}.Debug|x86.Build.0 = Debug|Any CPU
		{24A77B15-26F1-4DDD-AAFF-EADCA1CA7BCF}.Release|Any CPU.ActiveCfg = Release|Any CPU
		{24A77B15-26F1-4DDD-AAFF-EADCA1CA7BCF}.Release|Any CPU.Build.0 = Release|Any CPU
		{24A77B15-26F1-4DDD-AAFF-EADCA1CA7BCF}.Release|x64.ActiveCfg = Release|Any CPU
		{24A77B15-26F1-4DDD-AAFF-EADCA1CA7BCF}.Release|x64.Build.0 = Release|Any CPU
		{24A77B15-26F1-4DDD-AAFF-EADCA1CA7BCF}.Release|x86.ActiveCfg = Release|Any CPU
		{24A77B15-26F1-4DDD-AAFF-EADCA1CA7BCF}.Release|x86.Build.0 = Release|Any CPU
		{96BBFCAF-56C2-49ED-A3C9-4A1AA6B0F1A1}.Debug|Any CPU.ActiveCfg = Debug|Any CPU
		{96BBFCAF-56C2-49ED-A3C9-4A1AA6B0F1A1}.Debug|Any CPU.Build.0 = Debug|Any CPU
		{96BBFCAF-56C2-49ED-A3C9-4A1AA6B0F1A1}.Debug|x64.ActiveCfg = Debug|Any CPU
		{96BBFCAF-56C2-49ED-A3C9-4A1AA6B0F1A1}.Debug|x64.Build.0 = Debug|Any CPU
		{96BBFCAF-56C2-49ED-A3C9-4A1AA6B0F1A1}.Debug|x86.ActiveCfg = Debug|Any CPU
		{96BBFCAF-56C2-49ED-A3C9-4A1AA6B0F1A1}.Debug|x86.Build.0 = Debug|Any CPU
		{96BBFCAF-56C2-49ED-A3C9-4A1AA6B0F1A1}.Release|Any CPU.ActiveCfg = Release|Any CPU
		{96BBFCAF-56C2-49ED-A3C9-4A1AA6B0F1A1}.Release|Any CPU.Build.0 = Release|Any CPU
		{96BBFCAF-56C2-49ED-A3C9-4A1AA6B0F1A1}.Release|x64.ActiveCfg = Release|Any CPU
		{96BBFCAF-56C2-49ED-A3C9-4A1AA6B0F1A1}.Release|x64.Build.0 = Release|Any CPU
		{96BBFCAF-56C2-49ED-A3C9-4A1AA6B0F1A1}.Release|x86.ActiveCfg = Release|Any CPU
		{96BBFCAF-56C2-49ED-A3C9-4A1AA6B0F1A1}.Release|x86.Build.0 = Release|Any CPU
	EndGlobalSection
	GlobalSection(SolutionProperties) = preSolution
		HideSolutionNode = FALSE
	EndGlobalSection
EndGlobal
